// !$*UTF8*$!
{
	archiveVersion = 1;
	classes = {
	};
	objectVersion = 50;
	objects = {

/* Begin PBXBuildFile section */
		823C3D7D255A4F5C0080EF0F /* AppDelegate.swift in Sources */ = {isa = PBXBuildFile; fileRef = 823C3D7C255A4F5C0080EF0F /* AppDelegate.swift */; };
		823C3D7F255A4F5C0080EF0F /* SceneDelegate.swift in Sources */ = {isa = PBXBuildFile; fileRef = 823C3D7E255A4F5C0080EF0F /* SceneDelegate.swift */; };
		823C3D84255A4F5C0080EF0F /* Main.storyboard in Resources */ = {isa = PBXBuildFile; fileRef = 823C3D82255A4F5C0080EF0F /* Main.storyboard */; };
		823C3D86255A4F5D0080EF0F /* Assets.xcassets in Resources */ = {isa = PBXBuildFile; fileRef = 823C3D85255A4F5D0080EF0F /* Assets.xcassets */; };
		823C3D89255A4F5D0080EF0F /* LaunchScreen.storyboard in Resources */ = {isa = PBXBuildFile; fileRef = 823C3D87255A4F5D0080EF0F /* LaunchScreen.storyboard */; };
		823C3D9E255A5D5D0080EF0F /* Extensions.swift in Sources */ = {isa = PBXBuildFile; fileRef = 823C3D9D255A5D5D0080EF0F /* Extensions.swift */; };
		823C3DA3255A5ED10080EF0F /* ImageClassificationVC.swift in Sources */ = {isa = PBXBuildFile; fileRef = 823C3DA2255A5ED10080EF0F /* ImageClassificationVC.swift */; };
		828DFEA325B3B6CA00F36B54 /* TextClassificationViewController.swift in Sources */ = {isa = PBXBuildFile; fileRef = 828DFEA225B3B6CA00F36B54 /* TextClassificationViewController.swift */; };
		828DFEAB25B3BCF300F36B54 /* TextClassifier.mlmodel in Sources */ = {isa = PBXBuildFile; fileRef = 828DFEAA25B3BCF300F36B54 /* TextClassifier.mlmodel */; };
		82BF84282560AD41007A3396 /* ObjectDetectionVC.swift in Sources */ = {isa = PBXBuildFile; fileRef = 82BF84272560AD41007A3396 /* ObjectDetectionVC.swift */; };
		82BF842B2560BBC8007A3396 /* YOLOv3Tiny.mlmodel in Sources */ = {isa = PBXBuildFile; fileRef = 82BF842A2560BBC8007A3396 /* YOLOv3Tiny.mlmodel */; };
		82FD3E66255F8CBA003F4E7A /* MobileNetV2.mlmodel in Sources */ = {isa = PBXBuildFile; fileRef = 82FD3E65255F8CBA003F4E7A /* MobileNetV2.mlmodel */; };
/* End PBXBuildFile section */

/* Begin PBXFileReference section */
		823C3D79255A4F5C0080EF0F /* CoreML Implementations.app */ = {isa = PBXFileReference; explicitFileType = wrapper.application; includeInIndex = 0; path = "CoreML Implementations.app"; sourceTree = BUILT_PRODUCTS_DIR; };
		823C3D7C255A4F5C0080EF0F /* AppDelegate.swift */ = {isa = PBXFileReference; lastKnownFileType = sourcecode.swift; path = AppDelegate.swift; sourceTree = "<group>"; };
		823C3D7E255A4F5C0080EF0F /* SceneDelegate.swift */ = {isa = PBXFileReference; lastKnownFileType = sourcecode.swift; path = SceneDelegate.swift; sourceTree = "<group>"; };
		823C3D83255A4F5C0080EF0F /* Base */ = {isa = PBXFileReference; lastKnownFileType = file.storyboard; name = Base; path = Base.lproj/Main.storyboard; sourceTree = "<group>"; };
		823C3D85255A4F5D0080EF0F /* Assets.xcassets */ = {isa = PBXFileReference; lastKnownFileType = folder.assetcatalog; path = Assets.xcassets; sourceTree = "<group>"; };
		823C3D88255A4F5D0080EF0F /* Base */ = {isa = PBXFileReference; lastKnownFileType = file.storyboard; name = Base; path = Base.lproj/LaunchScreen.storyboard; sourceTree = "<group>"; };
		823C3D8A255A4F5D0080EF0F /* Info.plist */ = {isa = PBXFileReference; lastKnownFileType = text.plist.xml; path = Info.plist; sourceTree = "<group>"; };
		823C3D9D255A5D5D0080EF0F /* Extensions.swift */ = {isa = PBXFileReference; lastKnownFileType = sourcecode.swift; path = Extensions.swift; sourceTree = "<group>"; };
		823C3DA2255A5ED10080EF0F /* ImageClassificationVC.swift */ = {isa = PBXFileReference; lastKnownFileType = sourcecode.swift; path = ImageClassificationVC.swift; sourceTree = "<group>"; };
		828DFEA225B3B6CA00F36B54 /* TextClassificationViewController.swift */ = {isa = PBXFileReference; lastKnownFileType = sourcecode.swift; path = TextClassificationViewController.swift; sourceTree = "<group>"; };
		828DFEAA25B3BCF300F36B54 /* TextClassifier.mlmodel */ = {isa = PBXFileReference; lastKnownFileType = file.mlmodel; name = TextClassifier.mlmodel; path = "Text Classifier/TextClassifier.mlmodel"; sourceTree = "<group>"; };
		82BF84272560AD41007A3396 /* ObjectDetectionVC.swift */ = {isa = PBXFileReference; lastKnownFileType = sourcecode.swift; path = ObjectDetectionVC.swift; sourceTree = "<group>"; };
		82BF842A2560BBC8007A3396 /* YOLOv3Tiny.mlmodel */ = {isa = PBXFileReference; lastKnownFileType = file.mlmodel; path = YOLOv3Tiny.mlmodel; sourceTree = "<group>"; };
		82FD3E65255F8CBA003F4E7A /* MobileNetV2.mlmodel */ = {isa = PBXFileReference; lastKnownFileType = file.mlmodel; path = MobileNetV2.mlmodel; sourceTree = "<group>"; };
/* End PBXFileReference section */

/* Begin PBXFrameworksBuildPhase section */
		823C3D76255A4F5C0080EF0F /* Frameworks */ = {
			isa = PBXFrameworksBuildPhase;
			buildActionMask = 2147483647;
			files = (
			);
			runOnlyForDeploymentPostprocessing = 0;
		};
/* End PBXFrameworksBuildPhase section */

/* Begin PBXGroup section */
		823C3D70255A4F5C0080EF0F = {
			isa = PBXGroup;
			children = (
				823C3D7B255A4F5C0080EF0F /* CoreML Implementations */,
				823C3D7A255A4F5C0080EF0F /* Products */,
			);
			sourceTree = "<group>";
		};
		823C3D7A255A4F5C0080EF0F /* Products */ = {
			isa = PBXGroup;
			children = (
				823C3D79255A4F5C0080EF0F /* CoreML Implementations.app */,
			);
			name = Products;
			sourceTree = "<group>";
		};
		823C3D7B255A4F5C0080EF0F /* CoreML Implementations */ = {
			isa = PBXGroup;
			children = (
				82FD3E64255F8CAD003F4E7A /* ML Models */,
				823C3D95255A4FF40080EF0F /* Classes */,
				823C3D93255A4F930080EF0F /* Configurations */,
				823C3D92255A4F880080EF0F /* Assets */,
				823C3D91255A4F6A0080EF0F /* Delegates */,
				823C3D94255A4FDD0080EF0F /* Storyboards */,
			);
			path = "CoreML Implementations";
			sourceTree = "<group>";
		};
		823C3D91255A4F6A0080EF0F /* Delegates */ = {
			isa = PBXGroup;
			children = (
				823C3D7C255A4F5C0080EF0F /* AppDelegate.swift */,
				823C3D7E255A4F5C0080EF0F /* SceneDelegate.swift */,
			);
			path = Delegates;
			sourceTree = "<group>";
		};
		823C3D92255A4F880080EF0F /* Assets */ = {
			isa = PBXGroup;
			children = (
				823C3D85255A4F5D0080EF0F /* Assets.xcassets */,
			);
			path = Assets;
			sourceTree = "<group>";
		};
		823C3D93255A4F930080EF0F /* Configurations */ = {
			isa = PBXGroup;
			children = (
				823C3D8A255A4F5D0080EF0F /* Info.plist */,
			);
			path = Configurations;
			sourceTree = "<group>";
		};
		823C3D94255A4FDD0080EF0F /* Storyboards */ = {
			isa = PBXGroup;
			children = (
				823C3D82255A4F5C0080EF0F /* Main.storyboard */,
				823C3D87255A4F5D0080EF0F /* LaunchScreen.storyboard */,
			);
			path = Storyboards;
			sourceTree = "<group>";
		};
		823C3D95255A4FF40080EF0F /* Classes */ = {
			isa = PBXGroup;
			children = (
				823C3D9B255A5D0D0080EF0F /* Extensions */,
				823C3D96255A4FF90080EF0F /* Controllers */,
				823C3D97255A50040080EF0F /* CoreML  */,
			);
			path = Classes;
			sourceTree = "<group>";
		};
		823C3D96255A4FF90080EF0F /* Controllers */ = {
			isa = PBXGroup;
			children = (
			);
			path = Controllers;
			sourceTree = "<group>";
		};
		823C3D97255A50040080EF0F /* CoreML  */ = {
			isa = PBXGroup;
			children = (
				828DFEA125B3B68B00F36B54 /* Text */,
				828DFEA025B3B67A00F36B54 /* Image */,
			);
			path = "CoreML ";
			sourceTree = "<group>";
		};
		823C3D9B255A5D0D0080EF0F /* Extensions */ = {
			isa = PBXGroup;
			children = (
				823C3D9D255A5D5D0080EF0F /* Extensions.swift */,
			);
			path = Extensions;
			sourceTree = "<group>";
		};
		828DFEA025B3B67A00F36B54 /* Image */ = {
			isa = PBXGroup;
			children = (
				823C3DA2255A5ED10080EF0F /* ImageClassificationVC.swift */,
				82BF84272560AD41007A3396 /* ObjectDetectionVC.swift */,
			);
			path = Image;
			sourceTree = "<group>";
		};
		828DFEA125B3B68B00F36B54 /* Text */ = {
			isa = PBXGroup;
			children = (
				828DFEA225B3B6CA00F36B54 /* TextClassificationViewController.swift */,
			);
			path = Text;
			sourceTree = "<group>";
		};
		828DFEA625B3B88600F36B54 /* Pre-compiled */ = {
			isa = PBXGroup;
			children = (
				82FD3E65255F8CBA003F4E7A /* MobileNetV2.mlmodel */,
				82BF842A2560BBC8007A3396 /* YOLOv3Tiny.mlmodel */,
			);
			path = "Pre-compiled";
			sourceTree = "<group>";
		};
		828DFEA825B3B89800F36B54 /* CreateML */ = {
			isa = PBXGroup;
			children = (
				828DFEAA25B3BCF300F36B54 /* TextClassifier.mlmodel */,
			);
			path = CreateML;
			sourceTree = "<group>";
		};
		82FD3E64255F8CAD003F4E7A /* ML Models */ = {
			isa = PBXGroup;
			children = (
				828DFEA825B3B89800F36B54 /* CreateML */,
				828DFEA625B3B88600F36B54 /* Pre-compiled */,
			);
			path = "ML Models";
			sourceTree = "<group>";
		};
/* End PBXGroup section */

/* Begin PBXNativeTarget section */
		823C3D78255A4F5C0080EF0F /* CoreML Implementations */ = {
			isa = PBXNativeTarget;
			buildConfigurationList = 823C3D8D255A4F5D0080EF0F /* Build configuration list for PBXNativeTarget "CoreML Implementations" */;
			buildPhases = (
				823C3D75255A4F5C0080EF0F /* Sources */,
				823C3D76255A4F5C0080EF0F /* Frameworks */,
				823C3D77255A4F5C0080EF0F /* Resources */,
			);
			buildRules = (
			);
			dependencies = (
			);
			name = "CoreML Implementations";
			productName = "CoreML Implementations";
			productReference = 823C3D79255A4F5C0080EF0F /* CoreML Implementations.app */;
			productType = "com.apple.product-type.application";
		};
/* End PBXNativeTarget section */

/* Begin PBXProject section */
		823C3D71255A4F5C0080EF0F /* Project object */ = {
			isa = PBXProject;
			attributes = {
				LastSwiftUpdateCheck = 1210;
				LastUpgradeCheck = 1210;
				TargetAttributes = {
					823C3D78255A4F5C0080EF0F = {
						CreatedOnToolsVersion = 12.1;
					};
				};
			};
			buildConfigurationList = 823C3D74255A4F5C0080EF0F /* Build configuration list for PBXProject "CoreML Implementations" */;
			compatibilityVersion = "Xcode 9.3";
			developmentRegion = en;
			hasScannedForEncodings = 0;
			knownRegions = (
				en,
				Base,
			);
			mainGroup = 823C3D70255A4F5C0080EF0F;
			productRefGroup = 823C3D7A255A4F5C0080EF0F /* Products */;
			projectDirPath = "";
			projectRoot = "";
			targets = (
				823C3D78255A4F5C0080EF0F /* CoreML Implementations */,
			);
		};
/* End PBXProject section */

/* Begin PBXResourcesBuildPhase section */
		823C3D77255A4F5C0080EF0F /* Resources */ = {
			isa = PBXResourcesBuildPhase;
			buildActionMask = 2147483647;
			files = (
				823C3D89255A4F5D0080EF0F /* LaunchScreen.storyboard in Resources */,
				823C3D86255A4F5D0080EF0F /* Assets.xcassets in Resources */,
				823C3D84255A4F5C0080EF0F /* Main.storyboard in Resources */,
			);
			runOnlyForDeploymentPostprocessing = 0;
		};
/* End PBXResourcesBuildPhase section */

/* Begin PBXSourcesBuildPhase section */
		823C3D75255A4F5C0080EF0F /* Sources */ = {
			isa = PBXSourcesBuildPhase;
			buildActionMask = 2147483647;
			files = (
				823C3DA3255A5ED10080EF0F /* ImageClassificationVC.swift in Sources */,
				828DFEAB25B3BCF300F36B54 /* TextClassifier.mlmodel in Sources */,
				828DFEA325B3B6CA00F36B54 /* TextClassificationViewController.swift in Sources */,
				82BF842B2560BBC8007A3396 /* YOLOv3Tiny.mlmodel in Sources */,
				823C3D7D255A4F5C0080EF0F /* AppDelegate.swift in Sources */,
				823C3D7F255A4F5C0080EF0F /* SceneDelegate.swift in Sources */,
				82FD3E66255F8CBA003F4E7A /* MobileNetV2.mlmodel in Sources */,
				823C3D9E255A5D5D0080EF0F /* Extensions.swift in Sources */,
				82BF84282560AD41007A3396 /* ObjectDetectionVC.swift in Sources */,
			);
			runOnlyForDeploymentPostprocessing = 0;
		};
/* End PBXSourcesBuildPhase section */

/* Begin PBXVariantGroup section */
		823C3D82255A4F5C0080EF0F /* Main.storyboard */ = {
			isa = PBXVariantGroup;
			children = (
				823C3D83255A4F5C0080EF0F /* Base */,
			);
			name = Main.storyboard;
			sourceTree = "<group>";
		};
		823C3D87255A4F5D0080EF0F /* LaunchScreen.storyboard */ = {
			isa = PBXVariantGroup;
			children = (
				823C3D88255A4F5D0080EF0F /* Base */,
			);
			name = LaunchScreen.storyboard;
			sourceTree = "<group>";
		};
/* End PBXVariantGroup section */

/* Begin XCBuildConfiguration section */
		823C3D8B255A4F5D0080EF0F /* Debug */ = {
			isa = XCBuildConfiguration;
			buildSettings = {
				ALWAYS_SEARCH_USER_PATHS = NO;
				CLANG_ANALYZER_NONNULL = YES;
				CLANG_ANALYZER_NUMBER_OBJECT_CONVERSION = YES_AGGRESSIVE;
				CLANG_CXX_LANGUAGE_STANDARD = "gnu++14";
				CLANG_CXX_LIBRARY = "libc++";
				CLANG_ENABLE_MODULES = YES;
				CLANG_ENABLE_OBJC_ARC = YES;
				CLANG_ENABLE_OBJC_WEAK = YES;
				CLANG_WARN_BLOCK_CAPTURE_AUTORELEASING = YES;
				CLANG_WARN_BOOL_CONVERSION = YES;
				CLANG_WARN_COMMA = YES;
				CLANG_WARN_CONSTANT_CONVERSION = YES;
				CLANG_WARN_DEPRECATED_OBJC_IMPLEMENTATIONS = YES;
				CLANG_WARN_DIRECT_OBJC_ISA_USAGE = YES_ERROR;
				CLANG_WARN_DOCUMENTATION_COMMENTS = YES;
				CLANG_WARN_EMPTY_BODY = YES;
				CLANG_WARN_ENUM_CONVERSION = YES;
				CLANG_WARN_INFINITE_RECURSION = YES;
				CLANG_WARN_INT_CONVERSION = YES;
				CLANG_WARN_NON_LITERAL_NULL_CONVERSION = YES;
				CLANG_WARN_OBJC_IMPLICIT_RETAIN_SELF = YES;
				CLANG_WARN_OBJC_LITERAL_CONVERSION = YES;
				CLANG_WARN_OBJC_ROOT_CLASS = YES_ERROR;
				CLANG_WARN_QUOTED_INCLUDE_IN_FRAMEWORK_HEADER = YES;
				CLANG_WARN_RANGE_LOOP_ANALYSIS = YES;
				CLANG_WARN_STRICT_PROTOTYPES = YES;
				CLANG_WARN_SUSPICIOUS_MOVE = YES;
				CLANG_WARN_UNGUARDED_AVAILABILITY = YES_AGGRESSIVE;
				CLANG_WARN_UNREACHABLE_CODE = YES;
				CLANG_WARN__DUPLICATE_METHOD_MATCH = YES;
				COPY_PHASE_STRIP = NO;
				DEBUG_INFORMATION_FORMAT = dwarf;
				ENABLE_STRICT_OBJC_MSGSEND = YES;
				ENABLE_TESTABILITY = YES;
				GCC_C_LANGUAGE_STANDARD = gnu11;
				GCC_DYNAMIC_NO_PIC = NO;
				GCC_NO_COMMON_BLOCKS = YES;
				GCC_OPTIMIZATION_LEVEL = 0;
				GCC_PREPROCESSOR_DEFINITIONS = (
					"DEBUG=1",
					"$(inherited)",
				);
				GCC_WARN_64_TO_32_BIT_CONVERSION = YES;
				GCC_WARN_ABOUT_RETURN_TYPE = YES_ERROR;
				GCC_WARN_UNDECLARED_SELECTOR = YES;
				GCC_WARN_UNINITIALIZED_AUTOS = YES_AGGRESSIVE;
				GCC_WARN_UNUSED_FUNCTION = YES;
				GCC_WARN_UNUSED_VARIABLE = YES;
				IPHONEOS_DEPLOYMENT_TARGET = 14.1;
				MTL_ENABLE_DEBUG_INFO = INCLUDE_SOURCE;
				MTL_FAST_MATH = YES;
				ONLY_ACTIVE_ARCH = YES;
				SDKROOT = iphoneos;
				SWIFT_ACTIVE_COMPILATION_CONDITIONS = DEBUG;
				SWIFT_OPTIMIZATION_LEVEL = "-Onone";
			};
			name = Debug;
		};
		823C3D8C255A4F5D0080EF0F /* Release */ = {
			isa = XCBuildConfiguration;
			buildSettings = {
				ALWAYS_SEARCH_USER_PATHS = NO;
				CLANG_ANALYZER_NONNULL = YES;
				CLANG_ANALYZER_NUMBER_OBJECT_CONVERSION = YES_AGGRESSIVE;
				CLANG_CXX_LANGUAGE_STANDARD = "gnu++14";
				CLANG_CXX_LIBRARY = "libc++";
				CLANG_ENABLE_MODULES = YES;
				CLANG_ENABLE_OBJC_ARC = YES;
				CLANG_ENABLE_OBJC_WEAK = YES;
				CLANG_WARN_BLOCK_CAPTURE_AUTORELEASING = YES;
				CLANG_WARN_BOOL_CONVERSION = YES;
				CLANG_WARN_COMMA = YES;
				CLANG_WARN_CONSTANT_CONVERSION = YES;
				CLANG_WARN_DEPRECATED_OBJC_IMPLEMENTATIONS = YES;
				CLANG_WARN_DIRECT_OBJC_ISA_USAGE = YES_ERROR;
				CLANG_WARN_DOCUMENTATION_COMMENTS = YES;
				CLANG_WARN_EMPTY_BODY = YES;
				CLANG_WARN_ENUM_CONVERSION = YES;
				CLANG_WARN_INFINITE_RECURSION = YES;
				CLANG_WARN_INT_CONVERSION = YES;
				CLANG_WARN_NON_LITERAL_NULL_CONVERSION = YES;
				CLANG_WARN_OBJC_IMPLICIT_RETAIN_SELF = YES;
				CLANG_WARN_OBJC_LITERAL_CONVERSION = YES;
				CLANG_WARN_OBJC_ROOT_CLASS = YES_ERROR;
				CLANG_WARN_QUOTED_INCLUDE_IN_FRAMEWORK_HEADER = YES;
				CLANG_WARN_RANGE_LOOP_ANALYSIS = YES;
				CLANG_WARN_STRICT_PROTOTYPES = YES;
				CLANG_WARN_SUSPICIOUS_MOVE = YES;
				CLANG_WARN_UNGUARDED_AVAILABILITY = YES_AGGRESSIVE;
				CLANG_WARN_UNREACHABLE_CODE = YES;
				CLANG_WARN__DUPLICATE_METHOD_MATCH = YES;
				COPY_PHASE_STRIP = NO;
				DEBUG_INFORMATION_FORMAT = "dwarf-with-dsym";
				ENABLE_NS_ASSERTIONS = NO;
				ENABLE_STRICT_OBJC_MSGSEND = YES;
				GCC_C_LANGUAGE_STANDARD = gnu11;
				GCC_NO_COMMON_BLOCKS = YES;
				GCC_WARN_64_TO_32_BIT_CONVERSION = YES;
				GCC_WARN_ABOUT_RETURN_TYPE = YES_ERROR;
				GCC_WARN_UNDECLARED_SELECTOR = YES;
				GCC_WARN_UNINITIALIZED_AUTOS = YES_AGGRESSIVE;
				GCC_WARN_UNUSED_FUNCTION = YES;
				GCC_WARN_UNUSED_VARIABLE = YES;
				IPHONEOS_DEPLOYMENT_TARGET = 14.1;
				MTL_ENABLE_DEBUG_INFO = NO;
				MTL_FAST_MATH = YES;
				SDKROOT = iphoneos;
				SWIFT_COMPILATION_MODE = wholemodule;
				SWIFT_OPTIMIZATION_LEVEL = "-O";
				VALIDATE_PRODUCT = YES;
			};
			name = Release;
		};
		823C3D8E255A4F5D0080EF0F /* Debug */ = {
			isa = XCBuildConfiguration;
			buildSettings = {
				ASSETCATALOG_COMPILER_APPICON_NAME = AppIcon;
				ASSETCATALOG_COMPILER_GLOBAL_ACCENT_COLOR_NAME = AccentColor;
				CODE_SIGN_STYLE = Automatic;
				DEVELOPMENT_TEAM = 4BZAVK285L;
				INFOPLIST_FILE = "CoreML Implementations/Configurations/Info.plist";
				LD_RUNPATH_SEARCH_PATHS = (
					"$(inherited)",
					"@executable_path/Frameworks",
				);
				PRODUCT_BUNDLE_IDENTIFIER = "com.scific.CoreML-Implementations";
				PRODUCT_NAME = "$(TARGET_NAME)";
				SWIFT_VERSION = 5.0;
				TARGETED_DEVICE_FAMILY = "1,2";
			};
			name = Debug;
		};
		823C3D8F255A4F5D0080EF0F /* Release */ = {
			isa = XCBuildConfiguration;
			buildSettings = {
				ASSETCATALOG_COMPILER_APPICON_NAME = AppIcon;
				ASSETCATALOG_COMPILER_GLOBAL_ACCENT_COLOR_NAME = AccentColor;
				CODE_SIGN_STYLE = Automatic;
				DEVELOPMENT_TEAM = 4BZAVK285L;
				INFOPLIST_FILE = "CoreML Implementations/Configurations/Info.plist";
				LD_RUNPATH_SEARCH_PATHS = (
					"$(inherited)",
					"@executable_path/Frameworks",
				);
				PRODUCT_BUNDLE_IDENTIFIER = "com.scific.CoreML-Implementations";
				PRODUCT_NAME = "$(TARGET_NAME)";
				SWIFT_VERSION = 5.0;
				TARGETED_DEVICE_FAMILY = "1,2";
			};
			name = Release;
		};
/* End XCBuildConfiguration section */

/* Begin XCConfigurationList section */
		823C3D74255A4F5C0080EF0F /* Build configuration list for PBXProject "CoreML Implementations" */ = {
			isa = XCConfigurationList;
			buildConfigurations = (
				823C3D8B255A4F5D0080EF0F /* Debug */,
				823C3D8C255A4F5D0080EF0F /* Release */,
			);
			defaultConfigurationIsVisible = 0;
			defaultConfigurationName = Release;
		};
		823C3D8D255A4F5D0080EF0F /* Build configuration list for PBXNativeTarget "CoreML Implementations" */ = {
			isa = XCConfigurationList;
			buildConfigurations = (
				823C3D8E255A4F5D0080EF0F /* Debug */,
				823C3D8F255A4F5D0080EF0F /* Release */,
			);
			defaultConfigurationIsVisible = 0;
			defaultConfigurationName = Release;
		};
/* End XCConfigurationList section */
	};
	rootObject = 823C3D71255A4F5C0080EF0F /* Project object */;
}
